
Microsoft Visual Studio Solution File, Format Version 12.00
# Visual Studio Version 16
VisualStudioVersion = 16.0.30104.148
MinimumVisualStudioVersion = 10.0.40219.1
Project("{FAE04EC0-301F-11D3-BF4B-00C04F79EFBC}") = "Server", "Server.csproj", "{C3FD7F91-2D04-4439-ADD1-0FDC7324EB5C}"
EndProject
Project("{FAE04EC0-301F-11D3-BF4B-00C04F79EFBC}") = "Client", "..\Client\Client.csproj", "{356BF1E9-03B5-4488-8402-09B2BF8B63FB}"
EndProject
Global
	GlobalSection(SolutionConfigurationPlatforms) = preSolution
		Debug|Any CPU = Debug|Any CPU
		Release|Any CPU = Release|Any CPU
	EndGlobalSection
	GlobalSection(ProjectConfigurationPlatforms) = postSolution
		{C3FD7F91-2D04-4439-ADD1-0FDC7324EB5C}.Debug|Any CPU.ActiveCfg = Debug|Any CPU
		{C3FD7F91-2D04-4439-ADD1-0FDC7324EB5C}.Debug|Any CPU.Build.0 = Debug|Any CPU
		{C3FD7F91-2D04-4439-ADD1-0FDC7324EB5C}.Release|Any CPU.ActiveCfg = Release|Any CPU
		{C3FD7F91-2D04-4439-ADD1-0FDC7324EB5C}.Release|Any CPU.Build.0 = Release|Any CPU
		{356BF1E9-03B5-4488-8402-09B2BF8B63FB}.Debug|Any CPU.ActiveCfg = Debug|Any CPU
		{356BF1E9-03B5-4488-8402-09B2BF8B63FB}.Debug|Any CPU.Build.0 = Debug|Any CPU
		{356BF1E9-03B5-4488-8402-09B2BF8B63FB}.Release|Any CPU.ActiveCfg = Release|Any CPU
		{356BF1E9-03B5-4488-8402-09B2BF8B63FB}.Release|Any CPU.Build.0 = Release|Any CPU
	EndGlobalSection
	GlobalSection(SolutionProperties) = preSolution
		HideSolutionNode = FALSE
	EndGlobalSection
	GlobalSection(ExtensibilityGlobals) = postSolution
		SolutionGuid = {4B4F07DC-E01B-42FF-A935-BEBFCBC78A49}
	EndGlobalSection
EndGlobal
